// !$*UTF8*$!
{
	archiveVersion = 1;
	classes = {
	};
	objectVersion = 46;
	objects = {

/* Begin PBXBuildFile section */
		946DDA951FE5F0ED000E97B7 /* AppDelegate.swift in Sources */ = {isa = PBXBuildFile; fileRef = 946DDA941FE5F0ED000E97B7 /* AppDelegate.swift */; };
		946DDA971FE5F0ED000E97B7 /* ViewController.swift in Sources */ = {isa = PBXBuildFile; fileRef = 946DDA961FE5F0ED000E97B7 /* ViewController.swift */; };
		946DDA9A1FE5F0ED000E97B7 /* Main.storyboard in Resources */ = {isa = PBXBuildFile; fileRef = 946DDA981FE5F0ED000E97B7 /* Main.storyboard */; };
		946DDA9C1FE5F0ED000E97B7 /* Assets.xcassets in Resources */ = {isa = PBXBuildFile; fileRef = 946DDA9B1FE5F0ED000E97B7 /* Assets.xcassets */; };
		946DDA9F1FE5F0ED000E97B7 /* LaunchScreen.storyboard in Resources */ = {isa = PBXBuildFile; fileRef = 946DDA9D1FE5F0ED000E97B7 /* LaunchScreen.storyboard */; };
		946DDAAA1FE5F0EE000E97B7 /* MyPhotosTests.swift in Sources */ = {isa = PBXBuildFile; fileRef = 946DDAA91FE5F0EE000E97B7 /* MyPhotosTests.swift */; };
		946DDAB51FE5F0EE000E97B7 /* MyPhotosUITests.swift in Sources */ = {isa = PBXBuildFile; fileRef = 946DDAB41FE5F0EE000E97B7 /* MyPhotosUITests.swift */; };
/* End PBXBuildFile section */

/* Begin PBXContainerItemProxy section */
		946DDAA61FE5F0EE000E97B7 /* PBXContainerItemProxy */ = {
			isa = PBXContainerItemProxy;
			containerPortal = 946DDA891FE5F0ED000E97B7 /* Project object */;
			proxyType = 1;
			remoteGlobalIDString = 946DDA901FE5F0ED000E97B7;
			remoteInfo = MyPhotos;
		};
		946DDAB11FE5F0EE000E97B7 /* PBXContainerItemProxy */ = {
			isa = PBXContainerItemProxy;
			containerPortal = 946DDA891FE5F0ED000E97B7 /* Project object */;
			proxyType = 1;
			remoteGlobalIDString = 946DDA901FE5F0ED000E97B7;
			remoteInfo = MyPhotos;
		};
/* End PBXContainerItemProxy section */

/* Begin PBXFileReference section */
		946DDA911FE5F0ED000E97B7 /* MyPhotos.app */ = {isa = PBXFileReference; explicitFileType = wrapper.application; includeInIndex = 0; path = MyPhotos.app; sourceTree = BUILT_PRODUCTS_DIR; };
		946DDA941FE5F0ED000E97B7 /* AppDelegate.swift */ = {isa = PBXFileReference; lastKnownFileType = sourcecode.swift; path = AppDelegate.swift; sourceTree = "<group>"; };
		946DDA961FE5F0ED000E97B7 /* ViewController.swift */ = {isa = PBXFileReference; lastKnownFileType = sourcecode.swift; path = ViewController.swift; sourceTree = "<group>"; };
		946DDA991FE5F0ED000E97B7 /* Base */ = {isa = PBXFileReference; lastKnownFileType = file.storyboard; name = Base; path = Base.lproj/Main.storyboard; sourceTree = "<group>"; };
		946DDA9B1FE5F0ED000E97B7 /* Assets.xcassets */ = {isa = PBXFileReference; lastKnownFileType = folder.assetcatalog; path = Assets.xcassets; sourceTree = "<group>"; };
		946DDA9E1FE5F0ED000E97B7 /* Base */ = {isa = PBXFileReference; lastKnownFileType = file.storyboard; name = Base; path = Base.lproj/LaunchScreen.storyboard; sourceTree = "<group>"; };
		946DDAA01FE5F0ED000E97B7 /* Info.plist */ = {isa = PBXFileReference; lastKnownFileType = text.plist.xml; path = Info.plist; sourceTree = "<group>"; };
		946DDAA51FE5F0EE000E97B7 /* MyPhotosTests.xctest */ = {isa = PBXFileReference; explicitFileType = wrapper.cfbundle; includeInIndex = 0; path = MyPhotosTests.xctest; sourceTree = BUILT_PRODUCTS_DIR; };
		946DDAA91FE5F0EE000E97B7 /* MyPhotosTests.swift */ = {isa = PBXFileReference; lastKnownFileType = sourcecode.swift; path = MyPhotosTests.swift; sourceTree = "<group>"; };
		946DDAAB1FE5F0EE000E97B7 /* Info.plist */ = {isa = PBXFileReference; lastKnownFileType = text.plist.xml; path = Info.plist; sourceTree = "<group>"; };
		946DDAB01FE5F0EE000E97B7 /* MyPhotosUITests.xctest */ = {isa = PBXFileReference; explicitFileType = wrapper.cfbundle; includeInIndex = 0; path = MyPhotosUITests.xctest; sourceTree = BUILT_PRODUCTS_DIR; };
		946DDAB41FE5F0EE000E97B7 /* MyPhotosUITests.swift */ = {isa = PBXFileReference; lastKnownFileType = sourcecode.swift; path = MyPhotosUITests.swift; sourceTree = "<group>"; };
		946DDAB61FE5F0EE000E97B7 /* Info.plist */ = {isa = PBXFileReference; lastKnownFileType = text.plist.xml; path = Info.plist; sourceTree = "<group>"; };
/* End PBXFileReference section */

/* Begin PBXFrameworksBuildPhase section */
		946DDA8E1FE5F0ED000E97B7 /* Frameworks */ = {
			isa = PBXFrameworksBuildPhase;
			buildActionMask = 2147483647;
			files = (
			);
			runOnlyForDeploymentPostprocessing = 0;
		};
		946DDAA21FE5F0EE000E97B7 /* Frameworks */ = {
			isa = PBXFrameworksBuildPhase;
			buildActionMask = 2147483647;
			files = (
			);
			runOnlyForDeploymentPostprocessing = 0;
		};
		946DDAAD1FE5F0EE000E97B7 /* Frameworks */ = {
			isa = PBXFrameworksBuildPhase;
			buildActionMask = 2147483647;
			files = (
			);
			runOnlyForDeploymentPostprocessing = 0;
		};
/* End PBXFrameworksBuildPhase section */

/* Begin PBXGroup section */
		946DDA881FE5F0ED000E97B7 = {
			isa = PBXGroup;
			children = (
				946DDA931FE5F0ED000E97B7 /* MyPhotos */,
				946DDAA81FE5F0EE000E97B7 /* MyPhotosTests */,
				946DDAB31FE5F0EE000E97B7 /* MyPhotosUITests */,
				946DDA921FE5F0ED000E97B7 /* Products */,
			);
			sourceTree = "<group>";
		};
		946DDA921FE5F0ED000E97B7 /* Products */ = {
			isa = PBXGroup;
			children = (
				946DDA911FE5F0ED000E97B7 /* MyPhotos.app */,
				946DDAA51FE5F0EE000E97B7 /* MyPhotosTests.xctest */,
				946DDAB01FE5F0EE000E97B7 /* MyPhotosUITests.xctest */,
			);
			name = Products;
			sourceTree = "<group>";
		};
		946DDA931FE5F0ED000E97B7 /* MyPhotos */ = {
			isa = PBXGroup;
			children = (
				946DDA941FE5F0ED000E97B7 /* AppDelegate.swift */,
				946DDA961FE5F0ED000E97B7 /* ViewController.swift */,
				946DDA981FE5F0ED000E97B7 /* Main.storyboard */,
				946DDA9B1FE5F0ED000E97B7 /* Assets.xcassets */,
				946DDA9D1FE5F0ED000E97B7 /* LaunchScreen.storyboard */,
				946DDAA01FE5F0ED000E97B7 /* Info.plist */,
			);
			path = MyPhotos;
			sourceTree = "<group>";
		};
		946DDAA81FE5F0EE000E97B7 /* MyPhotosTests */ = {
			isa = PBXGroup;
			children = (
				946DDAA91FE5F0EE000E97B7 /* MyPhotosTests.swift */,
				946DDAAB1FE5F0EE000E97B7 /* Info.plist */,
			);
			path = MyPhotosTests;
			sourceTree = "<group>";
		};
		946DDAB31FE5F0EE000E97B7 /* MyPhotosUITests */ = {
			isa = PBXGroup;
			children = (
				946DDAB41FE5F0EE000E97B7 /* MyPhotosUITests.swift */,
				946DDAB61FE5F0EE000E97B7 /* Info.plist */,
			);
			path = MyPhotosUITests;
			sourceTree = "<group>";
		};
/* End PBXGroup section */

/* Begin PBXNativeTarget section */
		946DDA901FE5F0ED000E97B7 /* MyPhotos */ = {
			isa = PBXNativeTarget;
			buildConfigurationList = 946DDAB91FE5F0EE000E97B7 /* Build configuration list for PBXNativeTarget "MyPhotos" */;
			buildPhases = (
				946DDA8D1FE5F0ED000E97B7 /* Sources */,
				946DDA8E1FE5F0ED000E97B7 /* Frameworks */,
				946DDA8F1FE5F0ED000E97B7 /* Resources */,
			);
			buildRules = (
			);
			dependencies = (
			);
			name = MyPhotos;
			productName = MyPhotos;
			productReference = 946DDA911FE5F0ED000E97B7 /* MyPhotos.app */;
			productType = "com.apple.product-type.application";
		};
		946DDAA41FE5F0EE000E97B7 /* MyPhotosTests */ = {
			isa = PBXNativeTarget;
			buildConfigurationList = 946DDABC1FE5F0EE000E97B7 /* Build configuration list for PBXNativeTarget "MyPhotosTests" */;
			buildPhases = (
				946DDAA11FE5F0EE000E97B7 /* Sources */,
				946DDAA21FE5F0EE000E97B7 /* Frameworks */,
				946DDAA31FE5F0EE000E97B7 /* Resources */,
			);
			buildRules = (
			);
			dependencies = (
				946DDAA71FE5F0EE000E97B7 /* PBXTargetDependency */,
			);
			name = MyPhotosTests;
			productName = MyPhotosTests;
			productReference = 946DDAA51FE5F0EE000E97B7 /* MyPhotosTests.xctest */;
			productType = "com.apple.product-type.bundle.unit-test";
		};
		946DDAAF1FE5F0EE000E97B7 /* MyPhotosUITests */ = {
			isa = PBXNativeTarget;
			buildConfigurationList = 946DDABF1FE5F0EE000E97B7 /* Build configuration list for PBXNativeTarget "MyPhotosUITests" */;
			buildPhases = (
				946DDAAC1FE5F0EE000E97B7 /* Sources */,
				946DDAAD1FE5F0EE000E97B7 /* Frameworks */,
				946DDAAE1FE5F0EE000E97B7 /* Resources */,
			);
			buildRules = (
			);
			dependencies = (
				946DDAB21FE5F0EE000E97B7 /* PBXTargetDependency */,
			);
			name = MyPhotosUITests;
			productName = MyPhotosUITests;
			productReference = 946DDAB01FE5F0EE000E97B7 /* MyPhotosUITests.xctest */;
			productType = "com.apple.product-type.bundle.ui-testing";
		};
/* End PBXNativeTarget section */

/* Begin PBXProject section */
		946DDA891FE5F0ED000E97B7 /* Project object */ = {
			isa = PBXProject;
			attributes = {
				LastSwiftUpdateCheck = 0800;
				LastUpgradeCheck = 0800;
				ORGANIZATIONNAME = "Tran, Tran Le Nha";
				TargetAttributes = {
					946DDA901FE5F0ED000E97B7 = {
						CreatedOnToolsVersion = 8.0;
						ProvisioningStyle = Automatic;
					};
					946DDAA41FE5F0EE000E97B7 = {
						CreatedOnToolsVersion = 8.0;
						ProvisioningStyle = Automatic;
						TestTargetID = 946DDA901FE5F0ED000E97B7;
					};
					946DDAAF1FE5F0EE000E97B7 = {
						CreatedOnToolsVersion = 8.0;
						ProvisioningStyle = Automatic;
						TestTargetID = 946DDA901FE5F0ED000E97B7;
					};
				};
			};
			buildConfigurationList = 946DDA8C1FE5F0ED000E97B7 /* Build configuration list for PBXProject "MyPhotos" */;
			compatibilityVersion = "Xcode 3.2";
			developmentRegion = English;
			hasScannedForEncodings = 0;
			knownRegions = (
				en,
				Base,
			);
			mainGroup = 946DDA881FE5F0ED000E97B7;
			productRefGroup = 946DDA921FE5F0ED000E97B7 /* Products */;
			projectDirPath = "";
			projectRoot = "";
			targets = (
				946DDA901FE5F0ED000E97B7 /* MyPhotos */,
				946DDAA41FE5F0EE000E97B7 /* MyPhotosTests */,
				946DDAAF1FE5F0EE000E97B7 /* MyPhotosUITests */,
			);
		};
/* End PBXProject section */

/* Begin PBXResourcesBuildPhase section */
		946DDA8F1FE5F0ED000E97B7 /* Resources */ = {
			isa = PBXResourcesBuildPhase;
			buildActionMask = 2147483647;
			files = (
				946DDA9F1FE5F0ED000E97B7 /* LaunchScreen.storyboard in Resources */,
				946DDA9C1FE5F0ED000E97B7 /* Assets.xcassets in Resources */,
				946DDA9A1FE5F0ED000E97B7 /* Main.storyboard in Resources */,
			);
			runOnlyForDeploymentPostprocessing = 0;
		};
		946DDAA31FE5F0EE000E97B7 /* Resources */ = {
			isa = PBXResourcesBuildPhase;
			buildActionMask = 2147483647;
			files = (
			);
			runOnlyForDeploymentPostprocessing = 0;
		};
		946DDAAE1FE5F0EE000E97B7 /* Resources */ = {
			isa = PBXResourcesBuildPhase;
			buildActionMask = 2147483647;
			files = (
			);
			runOnlyForDeploymentPostprocessing = 0;
		};
/* End PBXResourcesBuildPhase section */

/* Begin PBXSourcesBuildPhase section */
		946DDA8D1FE5F0ED000E97B7 /* Sources */ = {
			isa = PBXSourcesBuildPhase;
			buildActionMask = 2147483647;
			files = (
				946DDA971FE5F0ED000E97B7 /* ViewController.swift in Sources */,
				946DDA951FE5F0ED000E97B7 /* AppDelegate.swift in Sources */,
			);
			runOnlyForDeploymentPostprocessing = 0;
		};
		946DDAA11FE5F0EE000E97B7 /* Sources */ = {
			isa = PBXSourcesBuildPhase;
			buildActionMask = 2147483647;
			files = (
				946DDAAA1FE5F0EE000E97B7 /* MyPhotosTests.swift in Sources */,
			);
			runOnlyForDeploymentPostprocessing = 0;
		};
		946DDAAC1FE5F0EE000E97B7 /* Sources */ = {
			isa = PBXSourcesBuildPhase;
			buildActionMask = 2147483647;
			files = (
				946DDAB51FE5F0EE000E97B7 /* MyPhotosUITests.swift in Sources */,
			);
			runOnlyForDeploymentPostprocessing = 0;
		};
/* End PBXSourcesBuildPhase section */

/* Begin PBXTargetDependency section */
		946DDAA71FE5F0EE000E97B7 /* PBXTargetDependency */ = {
			isa = PBXTargetDependency;
			target = 946DDA901FE5F0ED000E97B7 /* MyPhotos */;
			targetProxy = 946DDAA61FE5F0EE000E97B7 /* PBXContainerItemProxy */;
		};
		946DDAB21FE5F0EE000E97B7 /* PBXTargetDependency */ = {
			isa = PBXTargetDependency;
			target = 946DDA901FE5F0ED000E97B7 /* MyPhotos */;
			targetProxy = 946DDAB11FE5F0EE000E97B7 /* PBXContainerItemProxy */;
		};
/* End PBXTargetDependency section */

/* Begin PBXVariantGroup section */
		946DDA981FE5F0ED000E97B7 /* Main.storyboard */ = {
			isa = PBXVariantGroup;
			children = (
				946DDA991FE5F0ED000E97B7 /* Base */,
			);
			name = Main.storyboard;
			sourceTree = "<group>";
		};
		946DDA9D1FE5F0ED000E97B7 /* LaunchScreen.storyboard */ = {
			isa = PBXVariantGroup;
			children = (
				946DDA9E1FE5F0ED000E97B7 /* Base */,
			);
			name = LaunchScreen.storyboard;
			sourceTree = "<group>";
		};
/* End PBXVariantGroup section */

/* Begin XCBuildConfiguration section */
		946DDAB71FE5F0EE000E97B7 /* Debug */ = {
			isa = XCBuildConfiguration;
			buildSettings = {
				ALWAYS_SEARCH_USER_PATHS = NO;
				CLANG_ANALYZER_NONNULL = YES;
				CLANG_CXX_LANGUAGE_STANDARD = "gnu++0x";
				CLANG_CXX_LIBRARY = "libc++";
				CLANG_ENABLE_MODULES = YES;
				CLANG_ENABLE_OBJC_ARC = YES;
				CLANG_WARN_BOOL_CONVERSION = YES;
				CLANG_WARN_CONSTANT_CONVERSION = YES;
				CLANG_WARN_DIRECT_OBJC_ISA_USAGE = YES_ERROR;
				CLANG_WARN_DOCUMENTATION_COMMENTS = YES;
				CLANG_WARN_EMPTY_BODY = YES;
				CLANG_WARN_ENUM_CONVERSION = YES;
				CLANG_WARN_INFINITE_RECURSION = YES;
				CLANG_WARN_INT_CONVERSION = YES;
				CLANG_WARN_OBJC_ROOT_CLASS = YES_ERROR;
				CLANG_WARN_SUSPICIOUS_MOVES = YES;
				CLANG_WARN_UNREACHABLE_CODE = YES;
				CLANG_WARN__DUPLICATE_METHOD_MATCH = YES;
				"CODE_SIGN_IDENTITY[sdk=iphoneos*]" = "iPhone Developer";
				COPY_PHASE_STRIP = NO;
				DEBUG_INFORMATION_FORMAT = dwarf;
				ENABLE_STRICT_OBJC_MSGSEND = YES;
				ENABLE_TESTABILITY = YES;
				GCC_C_LANGUAGE_STANDARD = gnu99;
				GCC_DYNAMIC_NO_PIC = NO;
				GCC_NO_COMMON_BLOCKS = YES;
				GCC_OPTIMIZATION_LEVEL = 0;
				GCC_PREPROCESSOR_DEFINITIONS = (
					"DEBUG=1",
					"$(inherited)",
				);
				GCC_WARN_64_TO_32_BIT_CONVERSION = YES;
				GCC_WARN_ABOUT_RETURN_TYPE = YES_ERROR;
				GCC_WARN_UNDECLARED_SELECTOR = YES;
				GCC_WARN_UNINITIALIZED_AUTOS = YES_AGGRESSIVE;
				GCC_WARN_UNUSED_FUNCTION = YES;
				GCC_WARN_UNUSED_VARIABLE = YES;
				IPHONEOS_DEPLOYMENT_TARGET = 10.0;
				MTL_ENABLE_DEBUG_INFO = YES;
				ONLY_ACTIVE_ARCH = YES;
				SDKROOT = iphoneos;
				SWIFT_ACTIVE_COMPILATION_CONDITIONS = DEBUG;
				SWIFT_OPTIMIZATION_LEVEL = "-Onone";
				TARGETED_DEVICE_FAMILY = "1,2";
			};
			name = Debug;
		};
		946DDAB81FE5F0EE000E97B7 /* Release */ = {
			isa = XCBuildConfiguration;
			buildSettings = {
				ALWAYS_SEARCH_USER_PATHS = NO;
				CLANG_ANALYZER_NONNULL = YES;
				CLANG_CXX_LANGUAGE_STANDARD = "gnu++0x";
				CLANG_CXX_LIBRARY = "libc++";
				CLANG_ENABLE_MODULES = YES;
				CLANG_ENABLE_OBJC_ARC = YES;
				CLANG_WARN_BOOL_CONVERSION = YES;
				CLANG_WARN_CONSTANT_CONVERSION = YES;
				CLANG_WARN_DIRECT_OBJC_ISA_USAGE = YES_ERROR;
				CLANG_WARN_DOCUMENTATION_COMMENTS = YES;
				CLANG_WARN_EMPTY_BODY = YES;
				CLANG_WARN_ENUM_CONVERSION = YES;
				CLANG_WARN_INFINITE_RECURSION = YES;
				CLANG_WARN_INT_CONVERSION = YES;
				CLANG_WARN_OBJC_ROOT_CLASS = YES_ERROR;
				CLANG_WARN_SUSPICIOUS_MOVES = YES;
				CLANG_WARN_UNREACHABLE_CODE = YES;
				CLANG_WARN__DUPLICATE_METHOD_MATCH = YES;
				"CODE_SIGN_IDENTITY[sdk=iphoneos*]" = "iPhone Developer";
				COPY_PHASE_STRIP = NO;
				DEBUG_INFORMATION_FORMAT = "dwarf-with-dsym";
				ENABLE_NS_ASSERTIONS = NO;
				ENABLE_STRICT_OBJC_MSGSEND = YES;
				GCC_C_LANGUAGE_STANDARD = gnu99;
				GCC_NO_COMMON_BLOCKS = YES;
				GCC_WARN_64_TO_32_BIT_CONVERSION = YES;
				GCC_WARN_ABOUT_RETURN_TYPE = YES_ERROR;
				GCC_WARN_UNDECLARED_SELECTOR = YES;
				GCC_WARN_UNINITIALIZED_AUTOS = YES_AGGRESSIVE;
				GCC_WARN_UNUSED_FUNCTION = YES;
				GCC_WARN_UNUSED_VARIABLE = YES;
				IPHONEOS_DEPLOYMENT_TARGET = 10.0;
				MTL_ENABLE_DEBUG_INFO = NO;
				SDKROOT = iphoneos;
				SWIFT_OPTIMIZATION_LEVEL = "-Owholemodule";
				TARGETED_DEVICE_FAMILY = "1,2";
				VALIDATE_PRODUCT = YES;
			};
			name = Release;
		};
		946DDABA1FE5F0EE000E97B7 /* Debug */ = {
			isa = XCBuildConfiguration;
			buildSettings = {
				ASSETCATALOG_COMPILER_APPICON_NAME = AppIcon;
				INFOPLIST_FILE = MyPhotos/Info.plist;
				LD_RUNPATH_SEARCH_PATHS = "$(inherited) @executable_path/Frameworks";
				PRODUCT_BUNDLE_IDENTIFIER = rmit.MyPhotos;
				PRODUCT_NAME = "$(TARGET_NAME)";
				SWIFT_VERSION = 3.0;
			};
			name = Debug;
		};
		946DDABB1FE5F0EE000E97B7 /* Release */ = {
			isa = XCBuildConfiguration;
			buildSettings = {
				ASSETCATALOG_COMPILER_APPICON_NAME = AppIcon;
				INFOPLIST_FILE = MyPhotos/Info.plist;
				LD_RUNPATH_SEARCH_PATHS = "$(inherited) @executable_path/Frameworks";
				PRODUCT_BUNDLE_IDENTIFIER = rmit.MyPhotos;
				PRODUCT_NAME = "$(TARGET_NAME)";
				SWIFT_VERSION = 3.0;
			};
			name = Release;
		};
		946DDABD1FE5F0EE000E97B7 /* Debug */ = {
			isa = XCBuildConfiguration;
			buildSettings = {
				ALWAYS_EMBED_SWIFT_STANDARD_LIBRARIES = YES;
				BUNDLE_LOADER = "$(TEST_HOST)";
				INFOPLIST_FILE = MyPhotosTests/Info.plist;
				LD_RUNPATH_SEARCH_PATHS = "$(inherited) @executable_path/Frameworks @loader_path/Frameworks";
				PRODUCT_BUNDLE_IDENTIFIER = rmit.MyPhotosTests;
				PRODUCT_NAME = "$(TARGET_NAME)";
				SWIFT_VERSION = 3.0;
				TEST_HOST = "$(BUILT_PRODUCTS_DIR)/MyPhotos.app/MyPhotos";
			};
			name = Debug;
		};
		946DDABE1FE5F0EE000E97B7 /* Release */ = {
			isa = XCBuildConfiguration;
			buildSettings = {
				ALWAYS_EMBED_SWIFT_STANDARD_LIBRARIES = YES;
				BUNDLE_LOADER = "$(TEST_HOST)";
				INFOPLIST_FILE = MyPhotosTests/Info.plist;
				LD_RUNPATH_SEARCH_PATHS = "$(inherited) @executable_path/Frameworks @loader_path/Frameworks";
				PRODUCT_BUNDLE_IDENTIFIER = rmit.MyPhotosTests;
				PRODUCT_NAME = "$(TARGET_NAME)";
				SWIFT_VERSION = 3.0;
				TEST_HOST = "$(BUILT_PRODUCTS_DIR)/MyPhotos.app/MyPhotos";
			};
			name = Release;
		};
		946DDAC01FE5F0EE000E97B7 /* Debug */ = {
			isa = XCBuildConfiguration;
			buildSettings = {
				ALWAYS_EMBED_SWIFT_STANDARD_LIBRARIES = YES;
				INFOPLIST_FILE = MyPhotosUITests/Info.plist;
				LD_RUNPATH_SEARCH_PATHS = "$(inherited) @executable_path/Frameworks @loader_path/Frameworks";
				PRODUCT_BUNDLE_IDENTIFIER = rmit.MyPhotosUITests;
				PRODUCT_NAME = "$(TARGET_NAME)";
				SWIFT_VERSION = 3.0;
				TEST_TARGET_NAME = MyPhotos;
			};
			name = Debug;
		};
		946DDAC11FE5F0EE000E97B7 /* Release */ = {
			isa = XCBuildConfiguration;
			buildSettings = {
				ALWAYS_EMBED_SWIFT_STANDARD_LIBRARIES = YES;
				INFOPLIST_FILE = MyPhotosUITests/Info.plist;
				LD_RUNPATH_SEARCH_PATHS = "$(inherited) @executable_path/Frameworks @loader_path/Frameworks";
				PRODUCT_BUNDLE_IDENTIFIER = rmit.MyPhotosUITests;
				PRODUCT_NAME = "$(TARGET_NAME)";
				SWIFT_VERSION = 3.0;
				TEST_TARGET_NAME = MyPhotos;
			};
			name = Release;
		};
/* End XCBuildConfiguration section */

/* Begin XCConfigurationList section */
		946DDA8C1FE5F0ED000E97B7 /* Build configuration list for PBXProject "MyPhotos" */ = {
			isa = XCConfigurationList;
			buildConfigurations = (
				946DDAB71FE5F0EE000E97B7 /* Debug */,
				946DDAB81FE5F0EE000E97B7 /* Release */,
			);
			defaultConfigurationIsVisible = 0;
			defaultConfigurationName = Release;
		};
		946DDAB91FE5F0EE000E97B7 /* Build configuration list for PBXNativeTarget "MyPhotos" */ = {
			isa = XCConfigurationList;
			buildConfigurations = (
				946DDABA1FE5F0EE000E97B7 /* Debug */,
				946DDABB1FE5F0EE000E97B7 /* Release */,
			);
			defaultConfigurationIsVisible = 0;
		};
		946DDABC1FE5F0EE000E97B7 /* Build configuration list for PBXNativeTarget "MyPhotosTests" */ = {
			isa = XCConfigurationList;
			buildConfigurations = (
				946DDABD1FE5F0EE000E97B7 /* Debug */,
				946DDABE1FE5F0EE000E97B7 /* Release */,
			);
			defaultConfigurationIsVisible = 0;
		};
		946DDABF1FE5F0EE000E97B7 /* Build configuration list for PBXNativeTarget "MyPhotosUITests" */ = {
			isa = XCConfigurationList;
			buildConfigurations = (
				946DDAC01FE5F0EE000E97B7 /* Debug */,
				946DDAC11FE5F0EE000E97B7 /* Release */,
			);
			defaultConfigurationIsVisible = 0;
		};
/* End XCConfigurationList section */
	};
	rootObject = 946DDA891FE5F0ED000E97B7 /* Project object */;
}
